{
  "name": "chesstacean",
  "lockfileVersion": 3,
  "requires": true,
  "packages": {
    "": {
      "dependencies": {
        "xel": "^0.24.2"
      }
    },
    "node_modules/xel": {
      "version": "0.24.2",
      "resolved": "https://registry.npmjs.org/xel/-/xel-0.24.2.tgz",
      "integrity": "sha512-TIN7+Q1yxB+LE4eHxbthQ62D8NyRXeEj4GVwxhWzP9WNi0SOlBWAOSXCcPG5MW0sPkb2SupdFNs71a0V86Hnng=="
    }
  }
}
